// !$*UTF8*$!
{
	archiveVersion = 1;
	classes = {
	};
	objectVersion = 46;
	objects = {

/* Begin PBXBuildFile section */
		3060BA1A1CE2BFD90027CFB2 /* test.jpeg in Resources */ = {isa = PBXBuildFile; fileRef = 3060BA191CE2BFD90027CFB2 /* test.jpeg */; };
		30D54A251CE1DF9C00EABEB3 /* main.m in Sources */ = {isa = PBXBuildFile; fileRef = 30D54A241CE1DF9C00EABEB3 /* main.m */; };
		30D54A281CE1DF9C00EABEB3 /* AppDelegate.m in Sources */ = {isa = PBXBuildFile; fileRef = 30D54A271CE1DF9C00EABEB3 /* AppDelegate.m */; };
		30D54A2B1CE1DF9C00EABEB3 /* ViewController.m in Sources */ = {isa = PBXBuildFile; fileRef = 30D54A2A1CE1DF9C00EABEB3 /* ViewController.m */; };
		30D54A2E1CE1DF9C00EABEB3 /* Main.storyboard in Resources */ = {isa = PBXBuildFile; fileRef = 30D54A2C1CE1DF9C00EABEB3 /* Main.storyboard */; };
		30D54A301CE1DF9C00EABEB3 /* Assets.xcassets in Resources */ = {isa = PBXBuildFile; fileRef = 30D54A2F1CE1DF9C00EABEB3 /* Assets.xcassets */; };
		30D54A331CE1DF9C00EABEB3 /* LaunchScreen.storyboard in Resources */ = {isa = PBXBuildFile; fileRef = 30D54A311CE1DF9C00EABEB3 /* LaunchScreen.storyboard */; };
		30D54A3E1CE1DF9D00EABEB3 /* ScrollViewChangeTests.m in Sources */ = {isa = PBXBuildFile; fileRef = 30D54A3D1CE1DF9D00EABEB3 /* ScrollViewChangeTests.m */; };
		30D54A491CE1DF9D00EABEB3 /* ScrollViewChangeUITests.m in Sources */ = {isa = PBXBuildFile; fileRef = 30D54A481CE1DF9D00EABEB3 /* ScrollViewChangeUITests.m */; };
		30D54A5B1CE1E3D400EABEB3 /* UIScrollView+HeardChange.m in Sources */ = {isa = PBXBuildFile; fileRef = 30D54A5A1CE1E3D400EABEB3 /* UIScrollView+HeardChange.m */; };
/* End PBXBuildFile section */

/* Begin PBXContainerItemProxy section */
		30D54A3A1CE1DF9D00EABEB3 /* PBXContainerItemProxy */ = {
			isa = PBXContainerItemProxy;
			containerPortal = 30D54A181CE1DF9C00EABEB3 /* Project object */;
			proxyType = 1;
			remoteGlobalIDString = 30D54A1F1CE1DF9C00EABEB3;
			remoteInfo = ScrollViewChange;
		};
		30D54A451CE1DF9D00EABEB3 /* PBXContainerItemProxy */ = {
			isa = PBXContainerItemProxy;
			containerPortal = 30D54A181CE1DF9C00EABEB3 /* Project object */;
			proxyType = 1;
			remoteGlobalIDString = 30D54A1F1CE1DF9C00EABEB3;
			remoteInfo = ScrollViewChange;
		};
/* End PBXContainerItemProxy section */

/* Begin PBXFileReference section */
		3060BA191CE2BFD90027CFB2 /* test.jpeg */ = {isa = PBXFileReference; lastKnownFileType = image.jpeg; path = test.jpeg; sourceTree = "<group>"; };
		3060BA1E1CE3314D0027CFB2 /* XXHeardChange.h */ = {isa = PBXFileReference; fileEncoding = 4; lastKnownFileType = sourcecode.c.h; path = XXHeardChange.h; sourceTree = "<group>"; };
		30D54A201CE1DF9C00EABEB3 /* ScrollViewChange.app */ = {isa = PBXFileReference; explicitFileType = wrapper.application; includeInIndex = 0; path = ScrollViewChange.app; sourceTree = BUILT_PRODUCTS_DIR; };
		30D54A241CE1DF9C00EABEB3 /* main.m */ = {isa = PBXFileReference; lastKnownFileType = sourcecode.c.objc; path = main.m; sourceTree = "<group>"; };
		30D54A261CE1DF9C00EABEB3 /* AppDelegate.h */ = {isa = PBXFileReference; lastKnownFileType = sourcecode.c.h; path = AppDelegate.h; sourceTree = "<group>"; };
		30D54A271CE1DF9C00EABEB3 /* AppDelegate.m */ = {isa = PBXFileReference; lastKnownFileType = sourcecode.c.objc; path = AppDelegate.m; sourceTree = "<group>"; };
		30D54A291CE1DF9C00EABEB3 /* ViewController.h */ = {isa = PBXFileReference; lastKnownFileType = sourcecode.c.h; path = ViewController.h; sourceTree = "<group>"; };
		30D54A2A1CE1DF9C00EABEB3 /* ViewController.m */ = {isa = PBXFileReference; lastKnownFileType = sourcecode.c.objc; path = ViewController.m; sourceTree = "<group>"; };
		30D54A2D1CE1DF9C00EABEB3 /* Base */ = {isa = PBXFileReference; lastKnownFileType = file.storyboard; name = Base; path = Base.lproj/Main.storyboard; sourceTree = "<group>"; };
		30D54A2F1CE1DF9C00EABEB3 /* Assets.xcassets */ = {isa = PBXFileReference; lastKnownFileType = folder.assetcatalog; path = Assets.xcassets; sourceTree = "<group>"; };
		30D54A321CE1DF9C00EABEB3 /* Base */ = {isa = PBXFileReference; lastKnownFileType = file.storyboard; name = Base; path = Base.lproj/LaunchScreen.storyboard; sourceTree = "<group>"; };
		30D54A341CE1DF9C00EABEB3 /* Info.plist */ = {isa = PBXFileReference; lastKnownFileType = text.plist.xml; path = Info.plist; sourceTree = "<group>"; };
		30D54A391CE1DF9D00EABEB3 /* ScrollViewChangeTests.xctest */ = {isa = PBXFileReference; explicitFileType = wrapper.cfbundle; includeInIndex = 0; path = ScrollViewChangeTests.xctest; sourceTree = BUILT_PRODUCTS_DIR; };
		30D54A3D1CE1DF9D00EABEB3 /* ScrollViewChangeTests.m */ = {isa = PBXFileReference; lastKnownFileType = sourcecode.c.objc; path = ScrollViewChangeTests.m; sourceTree = "<group>"; };
		30D54A3F1CE1DF9D00EABEB3 /* Info.plist */ = {isa = PBXFileReference; lastKnownFileType = text.plist.xml; path = Info.plist; sourceTree = "<group>"; };
		30D54A441CE1DF9D00EABEB3 /* ScrollViewChangeUITests.xctest */ = {isa = PBXFileReference; explicitFileType = wrapper.cfbundle; includeInIndex = 0; path = ScrollViewChangeUITests.xctest; sourceTree = BUILT_PRODUCTS_DIR; };
		30D54A481CE1DF9D00EABEB3 /* ScrollViewChangeUITests.m */ = {isa = PBXFileReference; lastKnownFileType = sourcecode.c.objc; path = ScrollViewChangeUITests.m; sourceTree = "<group>"; };
		30D54A4A1CE1DF9D00EABEB3 /* Info.plist */ = {isa = PBXFileReference; lastKnownFileType = text.plist.xml; path = Info.plist; sourceTree = "<group>"; };
		30D54A591CE1E3D400EABEB3 /* UIScrollView+HeardChange.h */ = {isa = PBXFileReference; fileEncoding = 4; lastKnownFileType = sourcecode.c.h; path = "UIScrollView+HeardChange.h"; sourceTree = "<group>"; };
		30D54A5A1CE1E3D400EABEB3 /* UIScrollView+HeardChange.m */ = {isa = PBXFileReference; fileEncoding = 4; lastKnownFileType = sourcecode.c.objc; path = "UIScrollView+HeardChange.m"; sourceTree = "<group>"; };
/* End PBXFileReference section */

/* Begin PBXFrameworksBuildPhase section */
		30D54A1D1CE1DF9C00EABEB3 /* Frameworks */ = {
			isa = PBXFrameworksBuildPhase;
			buildActionMask = 2147483647;
			files = (
			);
			runOnlyForDeploymentPostprocessing = 0;
		};
		30D54A361CE1DF9D00EABEB3 /* Frameworks */ = {
			isa = PBXFrameworksBuildPhase;
			buildActionMask = 2147483647;
			files = (
			);
			runOnlyForDeploymentPostprocessing = 0;
		};
		30D54A411CE1DF9D00EABEB3 /* Frameworks */ = {
			isa = PBXFrameworksBuildPhase;
			buildActionMask = 2147483647;
			files = (
			);
			runOnlyForDeploymentPostprocessing = 0;
		};
/* End PBXFrameworksBuildPhase section */

/* Begin PBXGroup section */
		30D54A171CE1DF9C00EABEB3 = {
			isa = PBXGroup;
			children = (
				30D54A221CE1DF9C00EABEB3 /* ScrollViewChange */,
				30D54A3C1CE1DF9D00EABEB3 /* ScrollViewChangeTests */,
				30D54A471CE1DF9D00EABEB3 /* ScrollViewChangeUITests */,
				30D54A211CE1DF9C00EABEB3 /* Products */,
			);
			sourceTree = "<group>";
		};
		30D54A211CE1DF9C00EABEB3 /* Products */ = {
			isa = PBXGroup;
			children = (
				30D54A201CE1DF9C00EABEB3 /* ScrollViewChange.app */,
				30D54A391CE1DF9D00EABEB3 /* ScrollViewChangeTests.xctest */,
				30D54A441CE1DF9D00EABEB3 /* ScrollViewChangeUITests.xctest */,
			);
			name = Products;
			sourceTree = "<group>";
		};
		30D54A221CE1DF9C00EABEB3 /* ScrollViewChange */ = {
			isa = PBXGroup;
			children = (
				30D54A261CE1DF9C00EABEB3 /* AppDelegate.h */,
				30D54A271CE1DF9C00EABEB3 /* AppDelegate.m */,
				30D54A291CE1DF9C00EABEB3 /* ViewController.h */,
				30D54A2A1CE1DF9C00EABEB3 /* ViewController.m */,
				3060BA191CE2BFD90027CFB2 /* test.jpeg */,
				30D54A591CE1E3D400EABEB3 /* UIScrollView+HeardChange.h */,
				30D54A5A1CE1E3D400EABEB3 /* UIScrollView+HeardChange.m */,
				3060BA1E1CE3314D0027CFB2 /* XXHeardChange.h */,
				30D54A2C1CE1DF9C00EABEB3 /* Main.storyboard */,
				30D54A2F1CE1DF9C00EABEB3 /* Assets.xcassets */,
				30D54A311CE1DF9C00EABEB3 /* LaunchScreen.storyboard */,
				30D54A341CE1DF9C00EABEB3 /* Info.plist */,
				30D54A231CE1DF9C00EABEB3 /* Supporting Files */,
			);
			path = ScrollViewChange;
			sourceTree = "<group>";
		};
		30D54A231CE1DF9C00EABEB3 /* Supporting Files */ = {
			isa = PBXGroup;
			children = (
				30D54A241CE1DF9C00EABEB3 /* main.m */,
			);
			name = "Supporting Files";
			sourceTree = "<group>";
		};
		30D54A3C1CE1DF9D00EABEB3 /* ScrollViewChangeTests */ = {
			isa = PBXGroup;
			children = (
				30D54A3D1CE1DF9D00EABEB3 /* ScrollViewChangeTests.m */,
				30D54A3F1CE1DF9D00EABEB3 /* Info.plist */,
			);
			path = ScrollViewChangeTests;
			sourceTree = "<group>";
		};
		30D54A471CE1DF9D00EABEB3 /* ScrollViewChangeUITests */ = {
			isa = PBXGroup;
			children = (
				30D54A481CE1DF9D00EABEB3 /* ScrollViewChangeUITests.m */,
				30D54A4A1CE1DF9D00EABEB3 /* Info.plist */,
			);
			path = ScrollViewChangeUITests;
			sourceTree = "<group>";
		};
/* End PBXGroup section */

/* Begin PBXNativeTarget section */
		30D54A1F1CE1DF9C00EABEB3 /* ScrollViewChange */ = {
			isa = PBXNativeTarget;
			buildConfigurationList = 30D54A4D1CE1DF9D00EABEB3 /* Build configuration list for PBXNativeTarget "ScrollViewChange" */;
			buildPhases = (
				30D54A1C1CE1DF9C00EABEB3 /* Sources */,
				30D54A1D1CE1DF9C00EABEB3 /* Frameworks */,
				30D54A1E1CE1DF9C00EABEB3 /* Resources */,
			);
			buildRules = (
			);
			dependencies = (
			);
			name = ScrollViewChange;
			productName = ScrollViewChange;
			productReference = 30D54A201CE1DF9C00EABEB3 /* ScrollViewChange.app */;
			productType = "com.apple.product-type.application";
		};
		30D54A381CE1DF9D00EABEB3 /* ScrollViewChangeTests */ = {
			isa = PBXNativeTarget;
			buildConfigurationList = 30D54A501CE1DF9D00EABEB3 /* Build configuration list for PBXNativeTarget "ScrollViewChangeTests" */;
			buildPhases = (
				30D54A351CE1DF9D00EABEB3 /* Sources */,
				30D54A361CE1DF9D00EABEB3 /* Frameworks */,
				30D54A371CE1DF9D00EABEB3 /* Resources */,
			);
			buildRules = (
			);
			dependencies = (
				30D54A3B1CE1DF9D00EABEB3 /* PBXTargetDependency */,
			);
			name = ScrollViewChangeTests;
			productName = ScrollViewChangeTests;
			productReference = 30D54A391CE1DF9D00EABEB3 /* ScrollViewChangeTests.xctest */;
			productType = "com.apple.product-type.bundle.unit-test";
		};
		30D54A431CE1DF9D00EABEB3 /* ScrollViewChangeUITests */ = {
			isa = PBXNativeTarget;
			buildConfigurationList = 30D54A531CE1DF9D00EABEB3 /* Build configuration list for PBXNativeTarget "ScrollViewChangeUITests" */;
			buildPhases = (
				30D54A401CE1DF9D00EABEB3 /* Sources */,
				30D54A411CE1DF9D00EABEB3 /* Frameworks */,
				30D54A421CE1DF9D00EABEB3 /* Resources */,
			);
			buildRules = (
			);
			dependencies = (
				30D54A461CE1DF9D00EABEB3 /* PBXTargetDependency */,
			);
			name = ScrollViewChangeUITests;
			productName = ScrollViewChangeUITests;
			productReference = 30D54A441CE1DF9D00EABEB3 /* ScrollViewChangeUITests.xctest */;
			productType = "com.apple.product-type.bundle.ui-testing";
		};
/* End PBXNativeTarget section */

/* Begin PBXProject section */
		30D54A181CE1DF9C00EABEB3 /* Project object */ = {
			isa = PBXProject;
			attributes = {
				LastUpgradeCheck = 0720;
				ORGANIZATIONNAME = zhusven;
				TargetAttributes = {
					30D54A1F1CE1DF9C00EABEB3 = {
						CreatedOnToolsVersion = 7.2;
					};
					30D54A381CE1DF9D00EABEB3 = {
						CreatedOnToolsVersion = 7.2;
						TestTargetID = 30D54A1F1CE1DF9C00EABEB3;
					};
					30D54A431CE1DF9D00EABEB3 = {
						CreatedOnToolsVersion = 7.2;
						TestTargetID = 30D54A1F1CE1DF9C00EABEB3;
					};
				};
			};
			buildConfigurationList = 30D54A1B1CE1DF9C00EABEB3 /* Build configuration list for PBXProject "ScrollViewChange" */;
			compatibilityVersion = "Xcode 3.2";
			developmentRegion = English;
			hasScannedForEncodings = 0;
			knownRegions = (
				en,
				Base,
			);
			mainGroup = 30D54A171CE1DF9C00EABEB3;
			productRefGroup = 30D54A211CE1DF9C00EABEB3 /* Products */;
			projectDirPath = "";
			projectRoot = "";
			targets = (
				30D54A1F1CE1DF9C00EABEB3 /* ScrollViewChange */,
				30D54A381CE1DF9D00EABEB3 /* ScrollViewChangeTests */,
				30D54A431CE1DF9D00EABEB3 /* ScrollViewChangeUITests */,
			);
		};
/* End PBXProject section */

/* Begin PBXResourcesBuildPhase section */
		30D54A1E1CE1DF9C00EABEB3 /* Resources */ = {
			isa = PBXResourcesBuildPhase;
			buildActionMask = 2147483647;
			files = (
				30D54A331CE1DF9C00EABEB3 /* LaunchScreen.storyboard in Resources */,
				3060BA1A1CE2BFD90027CFB2 /* test.jpeg in Resources */,
				30D54A301CE1DF9C00EABEB3 /* Assets.xcassets in Resources */,
				30D54A2E1CE1DF9C00EABEB3 /* Main.storyboard in Resources */,
			);
			runOnlyForDeploymentPostprocessing = 0;
		};
		30D54A371CE1DF9D00EABEB3 /* Resources */ = {
			isa = PBXResourcesBuildPhase;
			buildActionMask = 2147483647;
			files = (
			);
			runOnlyForDeploymentPostprocessing = 0;
		};
		30D54A421CE1DF9D00EABEB3 /* Resources */ = {
			isa = PBXResourcesBuildPhase;
			buildActionMask = 2147483647;
			files = (
			);
			runOnlyForDeploymentPostprocessing = 0;
		};
/* End PBXResourcesBuildPhase section */

/* Begin PBXSourcesBuildPhase section */
		30D54A1C1CE1DF9C00EABEB3 /* Sources */ = {
			isa = PBXSourcesBuildPhase;
			buildActionMask = 2147483647;
			files = (
				30D54A2B1CE1DF9C00EABEB3 /* ViewController.m in Sources */,
				30D54A281CE1DF9C00EABEB3 /* AppDelegate.m in Sources */,
				30D54A5B1CE1E3D400EABEB3 /* UIScrollView+HeardChange.m in Sources */,
				30D54A251CE1DF9C00EABEB3 /* main.m in Sources */,
			);
			runOnlyForDeploymentPostprocessing = 0;
		};
		30D54A351CE1DF9D00EABEB3 /* Sources */ = {
			isa = PBXSourcesBuildPhase;
			buildActionMask = 2147483647;
			files = (
				30D54A3E1CE1DF9D00EABEB3 /* ScrollViewChangeTests.m in Sources */,
			);
			runOnlyForDeploymentPostprocessing = 0;
		};
		30D54A401CE1DF9D00EABEB3 /* Sources */ = {
			isa = PBXSourcesBuildPhase;
			buildActionMask = 2147483647;
			files = (
				30D54A491CE1DF9D00EABEB3 /* ScrollViewChangeUITests.m in Sources */,
			);
			runOnlyForDeploymentPostprocessing = 0;
		};
/* End PBXSourcesBuildPhase section */

/* Begin PBXTargetDependency section */
		30D54A3B1CE1DF9D00EABEB3 /* PBXTargetDependency */ = {
			isa = PBXTargetDependency;
			target = 30D54A1F1CE1DF9C00EABEB3 /* ScrollViewChange */;
			targetProxy = 30D54A3A1CE1DF9D00EABEB3 /* PBXContainerItemProxy */;
		};
		30D54A461CE1DF9D00EABEB3 /* PBXTargetDependency */ = {
			isa = PBXTargetDependency;
			target = 30D54A1F1CE1DF9C00EABEB3 /* ScrollViewChange */;
			targetProxy = 30D54A451CE1DF9D00EABEB3 /* PBXContainerItemProxy */;
		};
/* End PBXTargetDependency section */

/* Begin PBXVariantGroup section */
		30D54A2C1CE1DF9C00EABEB3 /* Main.storyboard */ = {
			isa = PBXVariantGroup;
			children = (
				30D54A2D1CE1DF9C00EABEB3 /* Base */,
			);
			name = Main.storyboard;
			sourceTree = "<group>";
		};
		30D54A311CE1DF9C00EABEB3 /* LaunchScreen.storyboard */ = {
			isa = PBXVariantGroup;
			children = (
				30D54A321CE1DF9C00EABEB3 /* Base */,
			);
			name = LaunchScreen.storyboard;
			sourceTree = "<group>";
		};
/* End PBXVariantGroup section */

/* Begin XCBuildConfiguration section */
		30D54A4B1CE1DF9D00EABEB3 /* Debug */ = {
			isa = XCBuildConfiguration;
			buildSettings = {
				ALWAYS_SEARCH_USER_PATHS = NO;
				CLANG_CXX_LANGUAGE_STANDARD = "gnu++0x";
				CLANG_CXX_LIBRARY = "libc++";
				CLANG_ENABLE_MODULES = YES;
				CLANG_ENABLE_OBJC_ARC = YES;
				CLANG_WARN_BOOL_CONVERSION = YES;
				CLANG_WARN_CONSTANT_CONVERSION = YES;
				CLANG_WARN_DIRECT_OBJC_ISA_USAGE = YES_ERROR;
				CLANG_WARN_EMPTY_BODY = YES;
				CLANG_WARN_ENUM_CONVERSION = YES;
				CLANG_WARN_INT_CONVERSION = YES;
				CLANG_WARN_OBJC_ROOT_CLASS = YES_ERROR;
				CLANG_WARN_UNREACHABLE_CODE = YES;
				CLANG_WARN__DUPLICATE_METHOD_MATCH = YES;
				"CODE_SIGN_IDENTITY[sdk=iphoneos*]" = "iPhone Developer";
				COPY_PHASE_STRIP = NO;
				DEBUG_INFORMATION_FORMAT = dwarf;
				ENABLE_STRICT_OBJC_MSGSEND = YES;
				ENABLE_TESTABILITY = YES;
				GCC_C_LANGUAGE_STANDARD = gnu99;
				GCC_DYNAMIC_NO_PIC = NO;
				GCC_NO_COMMON_BLOCKS = YES;
				GCC_OPTIMIZATION_LEVEL = 0;
				GCC_PREPROCESSOR_DEFINITIONS = (
					"DEBUG=1",
					"$(inherited)",
				);
				GCC_WARN_64_TO_32_BIT_CONVERSION = YES;
				GCC_WARN_ABOUT_RETURN_TYPE = YES_ERROR;
				GCC_WARN_UNDECLARED_SELECTOR = YES;
				GCC_WARN_UNINITIALIZED_AUTOS = YES_AGGRESSIVE;
				GCC_WARN_UNUSED_FUNCTION = YES;
				GCC_WARN_UNUSED_VARIABLE = YES;
				IPHONEOS_DEPLOYMENT_TARGET = 9.2;
				MTL_ENABLE_DEBUG_INFO = YES;
				ONLY_ACTIVE_ARCH = YES;
				SDKROOT = iphoneos;
				TARGETED_DEVICE_FAMILY = "1,2";
			};
			name = Debug;
		};
		30D54A4C1CE1DF9D00EABEB3 /* Release */ = {
			isa = XCBuildConfiguration;
			buildSettings = {
				ALWAYS_SEARCH_USER_PATHS = NO;
				CLANG_CXX_LANGUAGE_STANDARD = "gnu++0x";
				CLANG_CXX_LIBRARY = "libc++";
				CLANG_ENABLE_MODULES = YES;
				CLANG_ENABLE_OBJC_ARC = YES;
				CLANG_WARN_BOOL_CONVERSION = YES;
				CLANG_WARN_CONSTANT_CONVERSION = YES;
				CLANG_WARN_DIRECT_OBJC_ISA_USAGE = YES_ERROR;
				CLANG_WARN_EMPTY_BODY = YES;
				CLANG_WARN_ENUM_CONVERSION = YES;
				CLANG_WARN_INT_CONVERSION = YES;
				CLANG_WARN_OBJC_ROOT_CLASS = YES_ERROR;
				CLANG_WARN_UNREACHABLE_CODE = YES;
				CLANG_WARN__DUPLICATE_METHOD_MATCH = YES;
				"CODE_SIGN_IDENTITY[sdk=iphoneos*]" = "iPhone Developer";
				COPY_PHASE_STRIP = NO;
				DEBUG_INFORMATION_FORMAT = "dwarf-with-dsym";
				ENABLE_NS_ASSERTIONS = NO;
				ENABLE_STRICT_OBJC_MSGSEND = YES;
				GCC_C_LANGUAGE_STANDARD = gnu99;
				GCC_NO_COMMON_BLOCKS = YES;
				GCC_WARN_64_TO_32_BIT_CONVERSION = YES;
				GCC_WARN_ABOUT_RETURN_TYPE = YES_ERROR;
				GCC_WARN_UNDECLARED_SELECTOR = YES;
				GCC_WARN_UNINITIALIZED_AUTOS = YES_AGGRESSIVE;
				GCC_WARN_UNUSED_FUNCTION = YES;
				GCC_WARN_UNUSED_VARIABLE = YES;
				IPHONEOS_DEPLOYMENT_TARGET = 9.2;
				MTL_ENABLE_DEBUG_INFO = NO;
				SDKROOT = iphoneos;
				TARGETED_DEVICE_FAMILY = "1,2";
				VALIDATE_PRODUCT = YES;
			};
			name = Release;
		};
		30D54A4E1CE1DF9D00EABEB3 /* Debug */ = {
			isa = XCBuildConfiguration;
			buildSettings = {
				ASSETCATALOG_COMPILER_APPICON_NAME = AppIcon;
				INFOPLIST_FILE = ScrollViewChange/Info.plist;
				LD_RUNPATH_SEARCH_PATHS = "$(inherited) @executable_path/Frameworks";
				PRODUCT_BUNDLE_IDENTIFIER = com.surpriseforme.zhu.ScrollViewChange;
				PRODUCT_NAME = "$(TARGET_NAME)";
			};
			name = Debug;
		};
		30D54A4F1CE1DF9D00EABEB3 /* Release */ = {
			isa = XCBuildConfiguration;
			buildSettings = {
				ASSETCATALOG_COMPILER_APPICON_NAME = AppIcon;
				INFOPLIST_FILE = ScrollViewChange/Info.plist;
				LD_RUNPATH_SEARCH_PATHS = "$(inherited) @executable_path/Frameworks";
				PRODUCT_BUNDLE_IDENTIFIER = com.surpriseforme.zhu.ScrollViewChange;
				PRODUCT_NAME = "$(TARGET_NAME)";
			};
			name = Release;
		};
		30D54A511CE1DF9D00EABEB3 /* Debug */ = {
			isa = XCBuildConfiguration;
			buildSettings = {
				BUNDLE_LOADER = "$(TEST_HOST)";
				INFOPLIST_FILE = ScrollViewChangeTests/Info.plist;
				LD_RUNPATH_SEARCH_PATHS = "$(inherited) @executable_path/Frameworks @loader_path/Frameworks";
				PRODUCT_BUNDLE_IDENTIFIER = com.surpriseforme.zhu.ScrollViewChangeTests;
				PRODUCT_NAME = "$(TARGET_NAME)";
				TEST_HOST = "$(BUILT_PRODUCTS_DIR)/ScrollViewChange.app/ScrollViewChange";
			};
			name = Debug;
		};
		30D54A521CE1DF9D00EABEB3 /* Release */ = {
			isa = XCBuildConfiguration;
			buildSettings = {
				BUNDLE_LOADER = "$(TEST_HOST)";
				INFOPLIST_FILE = ScrollViewChangeTests/Info.plist;
				LD_RUNPATH_SEARCH_PATHS = "$(inherited) @executable_path/Frameworks @loader_path/Frameworks";
				PRODUCT_BUNDLE_IDENTIFIER = com.surpriseforme.zhu.ScrollViewChangeTests;
				PRODUCT_NAME = "$(TARGET_NAME)";
				TEST_HOST = "$(BUILT_PRODUCTS_DIR)/ScrollViewChange.app/ScrollViewChange";
			};
			name = Release;
		};
		30D54A541CE1DF9D00EABEB3 /* Debug */ = {
			isa = XCBuildConfiguration;
			buildSettings = {
				INFOPLIST_FILE = ScrollViewChangeUITests/Info.plist;
				LD_RUNPATH_SEARCH_PATHS = "$(inherited) @executable_path/Frameworks @loader_path/Frameworks";
				PRODUCT_BUNDLE_IDENTIFIER = com.surpriseforme.zhu.ScrollViewChangeUITests;
				PRODUCT_NAME = "$(TARGET_NAME)";
				TEST_TARGET_NAME = ScrollViewChange;
				USES_XCTRUNNER = YES;
			};
			name = Debug;
		};
		30D54A551CE1DF9D00EABEB3 /* Release */ = {
			isa = XCBuildConfiguration;
			buildSettings = {
				INFOPLIST_FILE = ScrollViewChangeUITests/Info.plist;
				LD_RUNPATH_SEARCH_PATHS = "$(inherited) @executable_path/Frameworks @loader_path/Frameworks";
				PRODUCT_BUNDLE_IDENTIFIER = com.surpriseforme.zhu.ScrollViewChangeUITests;
				PRODUCT_NAME = "$(TARGET_NAME)";
				TEST_TARGET_NAME = ScrollViewChange;
				USES_XCTRUNNER = YES;
			};
			name = Release;
		};
/* End XCBuildConfiguration section */

/* Begin XCConfigurationList section */
		30D54A1B1CE1DF9C00EABEB3 /* Build configuration list for PBXProject "ScrollViewChange" */ = {
			isa = XCConfigurationList;
			buildConfigurations = (
				30D54A4B1CE1DF9D00EABEB3 /* Debug */,
				30D54A4C1CE1DF9D00EABEB3 /* Release */,
			);
			defaultConfigurationIsVisible = 0;
			defaultConfigurationName = Release;
		};
		30D54A4D1CE1DF9D00EABEB3 /* Build configuration list for PBXNativeTarget "ScrollViewChange" */ = {
			isa = XCConfigurationList;
			buildConfigurations = (
				30D54A4E1CE1DF9D00EABEB3 /* Debug */,
				30D54A4F1CE1DF9D00EABEB3 /* Release */,
			);
			defaultConfigurationIsVisible = 0;
			defaultConfigurationName = Release;
		};
		30D54A501CE1DF9D00EABEB3 /* Build configuration list for PBXNativeTarget "ScrollViewChangeTests" */ = {
			isa = XCConfigurationList;
			buildConfigurations = (
				30D54A511CE1DF9D00EABEB3 /* Debug */,
				30D54A521CE1DF9D00EABEB3 /* Release */,
			);
			defaultConfigurationIsVisible = 0;
			defaultConfigurationName = Release;
		};
		30D54A531CE1DF9D00EABEB3 /* Build configuration list for PBXNativeTarget "ScrollViewChangeUITests" */ = {
			isa = XCConfigurationList;
			buildConfigurations = (
				30D54A541CE1DF9D00EABEB3 /* Debug */,
				30D54A551CE1DF9D00EABEB3 /* Release */,
			);
			defaultConfigurationIsVisible = 0;
			defaultConfigurationName = Release;
		};
/* End XCConfigurationList section */
	};
	rootObject = 30D54A181CE1DF9C00EABEB3 /* Project object */;
}
